
Microsoft Visual Studio Solution File, Format Version 12.00
# Visual Studio 15
VisualStudioVersion = 15.0.27130.2027
MinimumVisualStudioVersion = 10.0.40219.1
Project("{FAE04EC0-301F-11D3-BF4B-00C04F79EFBC}") = "Test3", "Test3\Test3.csproj", "{893405C9-ECD1-425E-BD25-597E323CE437}"
EndProject
Global
	GlobalSection(SolutionConfigurationPlatforms) = preSolution
		Debug|Any CPU = Debug|Any CPU
		Release|Any CPU = Release|Any CPU
	EndGlobalSection
	GlobalSection(ProjectConfigurationPlatforms) = postSolution
		{893405C9-ECD1-425E-BD25-597E323CE437}.Debug|Any CPU.ActiveCfg = Debug|Any CPU
		{893405C9-ECD1-425E-BD25-597E323CE437}.Debug|Any CPU.Build.0 = Debug|Any CPU
		{893405C9-ECD1-425E-BD25-597E323CE437}.Release|Any CPU.ActiveCfg = Release|Any CPU
		{893405C9-ECD1-425E-BD25-597E323CE437}.Release|Any CPU.Build.0 = Release|Any CPU
	EndGlobalSection
	GlobalSection(SolutionProperties) = preSolution
		HideSolutionNode = FALSE
	EndGlobalSection
	GlobalSection(ExtensibilityGlobals) = postSolution
		SolutionGuid = {BAB38636-C289-4894-A83E-87DF66EA754F}
	EndGlobalSection
EndGlobal
